{
  "requires": true,
  "lockfileVersion": 1,
  "dependencies": {
    "vue-router": {
      "version": "3.4.9",
      "resolved": "https://registry.npmjs.org/vue-router/-/vue-router-3.4.9.tgz",
      "integrity": "sha512-CGAKWN44RqXW06oC+u4mPgHLQQi2t6vLD/JbGRDAXm0YpMv0bgpKuU5bBd7AvMgfTz9kXVRIWKHqRwGEb8xFkA=="
    },
    "vuetify": {
      "version": "2.4.2",
      "resolved": "https://registry.npmjs.org/vuetify/-/vuetify-2.4.2.tgz",
      "integrity": "sha512-8W1928Fv6GKwLiOThutYf2wtD5C9+vcCavlI8NT0YxNOVvluoL8xrep8mGGwDsCkay+4LzaAX92owKeNi3kpWg=="
    }
  }
}
